// !$*UTF8*$!
{
	archiveVersion = 1;
	classes = {
	};
	objectVersion = 55;
	objects = {

/* Begin PBXBuildFile section */
		26037BB4268CE51900E70F27 /* PaletteStore.swift in Sources */ = {isa = PBXBuildFile; fileRef = 26037BB3268CE51900E70F27 /* PaletteStore.swift */; };
		262FD2DC268B6CAF003F3170 /* EmojiArtApp.swift in Sources */ = {isa = PBXBuildFile; fileRef = 262FD2DB268B6CAF003F3170 /* EmojiArtApp.swift */; };
		262FD2DE268B6CAF003F3170 /* EmojiArtDocumentView.swift in Sources */ = {isa = PBXBuildFile; fileRef = 262FD2DD268B6CAF003F3170 /* EmojiArtDocumentView.swift */; };
		262FD2E0268B6CB0003F3170 /* Assets.xcassets in Resources */ = {isa = PBXBuildFile; fileRef = 262FD2DF268B6CB0003F3170 /* Assets.xcassets */; };
		262FD2E3268B6CB0003F3170 /* Preview Assets.xcassets in Resources */ = {isa = PBXBuildFile; fileRef = 262FD2E2268B6CB0003F3170 /* Preview Assets.xcassets */; };
		262FD2ED268B6CB0003F3170 /* EmojiArtTests.swift in Sources */ = {isa = PBXBuildFile; fileRef = 262FD2EC268B6CB0003F3170 /* EmojiArtTests.swift */; };
		262FD2F7268B6CB0003F3170 /* EmojiArtUITests.swift in Sources */ = {isa = PBXBuildFile; fileRef = 262FD2F6268B6CB0003F3170 /* EmojiArtUITests.swift */; };
		262FD304268B6D05003F3170 /* EmojiArtModel.swift in Sources */ = {isa = PBXBuildFile; fileRef = 262FD303268B6D05003F3170 /* EmojiArtModel.swift */; };
		262FD306268B6E24003F3170 /* EmojiArtModel.Background.swift in Sources */ = {isa = PBXBuildFile; fileRef = 262FD305268B6E24003F3170 /* EmojiArtModel.Background.swift */; };
		262FD308268B6F56003F3170 /* EmojiArtDocument.swift in Sources */ = {isa = PBXBuildFile; fileRef = 262FD307268B6F56003F3170 /* EmojiArtDocument.swift */; };
		262FD30B268B716C003F3170 /* UtilityViews.swift in Sources */ = {isa = PBXBuildFile; fileRef = 262FD309268B716C003F3170 /* UtilityViews.swift */; };
		262FD30C268B716C003F3170 /* UtilityExtensions.swift in Sources */ = {isa = PBXBuildFile; fileRef = 262FD30A268B716C003F3170 /* UtilityExtensions.swift */; };
		26483305268D2F210043B43F /* PaletteChooser.swift in Sources */ = {isa = PBXBuildFile; fileRef = 26483304268D2F210043B43F /* PaletteChooser.swift */; };
		26483307268E778B0043B43F /* PaletteEditor.swift in Sources */ = {isa = PBXBuildFile; fileRef = 26483306268E778B0043B43F /* PaletteEditor.swift */; };
		264833092690A2D10043B43F /* PaletteManager.swift in Sources */ = {isa = PBXBuildFile; fileRef = 264833082690A2D10043B43F /* PaletteManager.swift */; };
/* End PBXBuildFile section */

/* Begin PBXContainerItemProxy section */
		262FD2E9268B6CB0003F3170 /* PBXContainerItemProxy */ = {
			isa = PBXContainerItemProxy;
			containerPortal = 262FD2D0268B6CAE003F3170 /* Project object */;
			proxyType = 1;
			remoteGlobalIDString = 262FD2D7268B6CAE003F3170;
			remoteInfo = EmojiArt;
		};
		262FD2F3268B6CB0003F3170 /* PBXContainerItemProxy */ = {
			isa = PBXContainerItemProxy;
			containerPortal = 262FD2D0268B6CAE003F3170 /* Project object */;
			proxyType = 1;
			remoteGlobalIDString = 262FD2D7268B6CAE003F3170;
			remoteInfo = EmojiArt;
		};
/* End PBXContainerItemProxy section */

/* Begin PBXFileReference section */
		26037BB3268CE51900E70F27 /* PaletteStore.swift */ = {isa = PBXFileReference; lastKnownFileType = sourcecode.swift; path = PaletteStore.swift; sourceTree = "<group>"; };
		262FD2D8268B6CAE003F3170 /* EmojiArt.app */ = {isa = PBXFileReference; explicitFileType = wrapper.application; includeInIndex = 0; path = EmojiArt.app; sourceTree = BUILT_PRODUCTS_DIR; };
		262FD2DB268B6CAF003F3170 /* EmojiArtApp.swift */ = {isa = PBXFileReference; lastKnownFileType = sourcecode.swift; path = EmojiArtApp.swift; sourceTree = "<group>"; };
		262FD2DD268B6CAF003F3170 /* EmojiArtDocumentView.swift */ = {isa = PBXFileReference; lastKnownFileType = sourcecode.swift; path = EmojiArtDocumentView.swift; sourceTree = "<group>"; };
		262FD2DF268B6CB0003F3170 /* Assets.xcassets */ = {isa = PBXFileReference; lastKnownFileType = folder.assetcatalog; path = Assets.xcassets; sourceTree = "<group>"; };
		262FD2E2268B6CB0003F3170 /* Preview Assets.xcassets */ = {isa = PBXFileReference; lastKnownFileType = folder.assetcatalog; path = "Preview Assets.xcassets"; sourceTree = "<group>"; };
		262FD2E8268B6CB0003F3170 /* EmojiArtTests.xctest */ = {isa = PBXFileReference; explicitFileType = wrapper.cfbundle; includeInIndex = 0; path = EmojiArtTests.xctest; sourceTree = BUILT_PRODUCTS_DIR; };
		262FD2EC268B6CB0003F3170 /* EmojiArtTests.swift */ = {isa = PBXFileReference; lastKnownFileType = sourcecode.swift; path = EmojiArtTests.swift; sourceTree = "<group>"; };
		262FD2F2268B6CB0003F3170 /* EmojiArtUITests.xctest */ = {isa = PBXFileReference; explicitFileType = wrapper.cfbundle; includeInIndex = 0; path = EmojiArtUITests.xctest; sourceTree = BUILT_PRODUCTS_DIR; };
		262FD2F6268B6CB0003F3170 /* EmojiArtUITests.swift */ = {isa = PBXFileReference; lastKnownFileType = sourcecode.swift; path = EmojiArtUITests.swift; sourceTree = "<group>"; };
		262FD303268B6D05003F3170 /* EmojiArtModel.swift */ = {isa = PBXFileReference; lastKnownFileType = sourcecode.swift; path = EmojiArtModel.swift; sourceTree = "<group>"; };
		262FD305268B6E24003F3170 /* EmojiArtModel.Background.swift */ = {isa = PBXFileReference; lastKnownFileType = sourcecode.swift; path = EmojiArtModel.Background.swift; sourceTree = "<group>"; };
		262FD307268B6F56003F3170 /* EmojiArtDocument.swift */ = {isa = PBXFileReference; lastKnownFileType = sourcecode.swift; path = EmojiArtDocument.swift; sourceTree = "<group>"; };
		262FD309268B716C003F3170 /* UtilityViews.swift */ = {isa = PBXFileReference; fileEncoding = 4; lastKnownFileType = sourcecode.swift; path = UtilityViews.swift; sourceTree = "<group>"; };
		262FD30A268B716C003F3170 /* UtilityExtensions.swift */ = {isa = PBXFileReference; fileEncoding = 4; lastKnownFileType = sourcecode.swift; path = UtilityExtensions.swift; sourceTree = "<group>"; };
		26483304268D2F210043B43F /* PaletteChooser.swift */ = {isa = PBXFileReference; lastKnownFileType = sourcecode.swift; path = PaletteChooser.swift; sourceTree = "<group>"; };
		26483306268E778B0043B43F /* PaletteEditor.swift */ = {isa = PBXFileReference; lastKnownFileType = sourcecode.swift; path = PaletteEditor.swift; sourceTree = "<group>"; };
		264833082690A2D10043B43F /* PaletteManager.swift */ = {isa = PBXFileReference; lastKnownFileType = sourcecode.swift; path = PaletteManager.swift; sourceTree = "<group>"; };
		26B0ADD626924FE300289545 /* Info.plist */ = {isa = PBXFileReference; lastKnownFileType = text.plist; path = Info.plist; sourceTree = "<group>"; };
/* End PBXFileReference section */

/* Begin PBXFrameworksBuildPhase section */
		262FD2D5268B6CAE003F3170 /* Frameworks */ = {
			isa = PBXFrameworksBuildPhase;
			buildActionMask = 2147483647;
			files = (
			);
			runOnlyForDeploymentPostprocessing = 0;
		};
		262FD2E5268B6CB0003F3170 /* Frameworks */ = {
			isa = PBXFrameworksBuildPhase;
			buildActionMask = 2147483647;
			files = (
			);
			runOnlyForDeploymentPostprocessing = 0;
		};
		262FD2EF268B6CB0003F3170 /* Frameworks */ = {
			isa = PBXFrameworksBuildPhase;
			buildActionMask = 2147483647;
			files = (
			);
			runOnlyForDeploymentPostprocessing = 0;
		};
/* End PBXFrameworksBuildPhase section */

/* Begin PBXGroup section */
		262FD2CF268B6CAE003F3170 = {
			isa = PBXGroup;
			children = (
				262FD2DA268B6CAE003F3170 /* EmojiArt */,
				262FD2EB268B6CB0003F3170 /* EmojiArtTests */,
				262FD2F5268B6CB0003F3170 /* EmojiArtUITests */,
				262FD2D9268B6CAE003F3170 /* Products */,
			);
			sourceTree = "<group>";
		};
		262FD2D9268B6CAE003F3170 /* Products */ = {
			isa = PBXGroup;
			children = (
				262FD2D8268B6CAE003F3170 /* EmojiArt.app */,
				262FD2E8268B6CB0003F3170 /* EmojiArtTests.xctest */,
				262FD2F2268B6CB0003F3170 /* EmojiArtUITests.xctest */,
			);
			name = Products;
			sourceTree = "<group>";
		};
		262FD2DA268B6CAE003F3170 /* EmojiArt */ = {
			isa = PBXGroup;
			children = (
				26B0ADD626924FE300289545 /* Info.plist */,
				262FD2DB268B6CAF003F3170 /* EmojiArtApp.swift */,
				262FD303268B6D05003F3170 /* EmojiArtModel.swift */,
				26483304268D2F210043B43F /* PaletteChooser.swift */,
				26483306268E778B0043B43F /* PaletteEditor.swift */,
				262FD305268B6E24003F3170 /* EmojiArtModel.Background.swift */,
				264833082690A2D10043B43F /* PaletteManager.swift */,
				262FD30A268B716C003F3170 /* UtilityExtensions.swift */,
				26037BB3268CE51900E70F27 /* PaletteStore.swift */,
				262FD309268B716C003F3170 /* UtilityViews.swift */,
				262FD307268B6F56003F3170 /* EmojiArtDocument.swift */,
				262FD2DD268B6CAF003F3170 /* EmojiArtDocumentView.swift */,
				262FD2DF268B6CB0003F3170 /* Assets.xcassets */,
				262FD2E1268B6CB0003F3170 /* Preview Content */,
			);
			path = EmojiArt;
			sourceTree = "<group>";
		};
		262FD2E1268B6CB0003F3170 /* Preview Content */ = {
			isa = PBXGroup;
			children = (
				262FD2E2268B6CB0003F3170 /* Preview Assets.xcassets */,
			);
			path = "Preview Content";
			sourceTree = "<group>";
		};
		262FD2EB268B6CB0003F3170 /* EmojiArtTests */ = {
			isa = PBXGroup;
			children = (
				262FD2EC268B6CB0003F3170 /* EmojiArtTests.swift */,
			);
			path = EmojiArtTests;
			sourceTree = "<group>";
		};
		262FD2F5268B6CB0003F3170 /* EmojiArtUITests */ = {
			isa = PBXGroup;
			children = (
				262FD2F6268B6CB0003F3170 /* EmojiArtUITests.swift */,
			);
			path = EmojiArtUITests;
			sourceTree = "<group>";
		};
/* End PBXGroup section */

/* Begin PBXNativeTarget section */
		262FD2D7268B6CAE003F3170 /* EmojiArt */ = {
			isa = PBXNativeTarget;
			buildConfigurationList = 262FD2FA268B6CB0003F3170 /* Build configuration list for PBXNativeTarget "EmojiArt" */;
			buildPhases = (
				262FD2D4268B6CAE003F3170 /* Sources */,
				262FD2D5268B6CAE003F3170 /* Frameworks */,
				262FD2D6268B6CAE003F3170 /* Resources */,
			);
			buildRules = (
			);
			dependencies = (
			);
			name = EmojiArt;
			productName = EmojiArt;
			productReference = 262FD2D8268B6CAE003F3170 /* EmojiArt.app */;
			productType = "com.apple.product-type.application";
		};
		262FD2E7268B6CB0003F3170 /* EmojiArtTests */ = {
			isa = PBXNativeTarget;
			buildConfigurationList = 262FD2FD268B6CB0003F3170 /* Build configuration list for PBXNativeTarget "EmojiArtTests" */;
			buildPhases = (
				262FD2E4268B6CB0003F3170 /* Sources */,
				262FD2E5268B6CB0003F3170 /* Frameworks */,
				262FD2E6268B6CB0003F3170 /* Resources */,
			);
			buildRules = (
			);
			dependencies = (
				262FD2EA268B6CB0003F3170 /* PBXTargetDependency */,
			);
			name = EmojiArtTests;
			productName = EmojiArtTests;
			productReference = 262FD2E8268B6CB0003F3170 /* EmojiArtTests.xctest */;
			productType = "com.apple.product-type.bundle.unit-test";
		};
		262FD2F1268B6CB0003F3170 /* EmojiArtUITests */ = {
			isa = PBXNativeTarget;
			buildConfigurationList = 262FD300268B6CB0003F3170 /* Build configuration list for PBXNativeTarget "EmojiArtUITests" */;
			buildPhases = (
				262FD2EE268B6CB0003F3170 /* Sources */,
				262FD2EF268B6CB0003F3170 /* Frameworks */,
				262FD2F0268B6CB0003F3170 /* Resources */,
			);
			buildRules = (
			);
			dependencies = (
				262FD2F4268B6CB0003F3170 /* PBXTargetDependency */,
			);
			name = EmojiArtUITests;
			productName = EmojiArtUITests;
			productReference = 262FD2F2268B6CB0003F3170 /* EmojiArtUITests.xctest */;
			productType = "com.apple.product-type.bundle.ui-testing";
		};
/* End PBXNativeTarget section */

/* Begin PBXProject section */
		262FD2D0268B6CAE003F3170 /* Project object */ = {
			isa = PBXProject;
			attributes = {
				BuildIndependentTargetsInParallel = 1;
				LastSwiftUpdateCheck = 1300;
				LastUpgradeCheck = 1300;
				TargetAttributes = {
					262FD2D7268B6CAE003F3170 = {
						CreatedOnToolsVersion = 13.0;
					};
					262FD2E7268B6CB0003F3170 = {
						CreatedOnToolsVersion = 13.0;
						TestTargetID = 262FD2D7268B6CAE003F3170;
					};
					262FD2F1268B6CB0003F3170 = {
						CreatedOnToolsVersion = 13.0;
						TestTargetID = 262FD2D7268B6CAE003F3170;
					};
				};
			};
			buildConfigurationList = 262FD2D3268B6CAE003F3170 /* Build configuration list for PBXProject "EmojiArt" */;
			compatibilityVersion = "Xcode 13.0";
			developmentRegion = en;
			hasScannedForEncodings = 0;
			knownRegions = (
				en,
				Base,
			);
			mainGroup = 262FD2CF268B6CAE003F3170;
			productRefGroup = 262FD2D9268B6CAE003F3170 /* Products */;
			projectDirPath = "";
			projectRoot = "";
			targets = (
				262FD2D7268B6CAE003F3170 /* EmojiArt */,
				262FD2E7268B6CB0003F3170 /* EmojiArtTests */,
				262FD2F1268B6CB0003F3170 /* EmojiArtUITests */,
			);
		};
/* End PBXProject section */

/* Begin PBXResourcesBuildPhase section */
		262FD2D6268B6CAE003F3170 /* Resources */ = {
			isa = PBXResourcesBuildPhase;
			buildActionMask = 2147483647;
			files = (
				262FD2E3268B6CB0003F3170 /* Preview Assets.xcassets in Resources */,
				262FD2E0268B6CB0003F3170 /* Assets.xcassets in Resources */,
			);
			runOnlyForDeploymentPostprocessing = 0;
		};
		262FD2E6268B6CB0003F3170 /* Resources */ = {
			isa = PBXResourcesBuildPhase;
			buildActionMask = 2147483647;
			files = (
			);
			runOnlyForDeploymentPostprocessing = 0;
		};
		262FD2F0268B6CB0003F3170 /* Resources */ = {
			isa = PBXResourcesBuildPhase;
			buildActionMask = 2147483647;
			files = (
			);
			runOnlyForDeploymentPostprocessing = 0;
		};
/* End PBXResourcesBuildPhase section */

/* Begin PBXSourcesBuildPhase section */
		262FD2D4268B6CAE003F3170 /* Sources */ = {
			isa = PBXSourcesBuildPhase;
			buildActionMask = 2147483647;
			files = (
				262FD2DE268B6CAF003F3170 /* EmojiArtDocumentView.swift in Sources */,
				264833092690A2D10043B43F /* PaletteManager.swift in Sources */,
				26037BB4268CE51900E70F27 /* PaletteStore.swift in Sources */,
				26483307268E778B0043B43F /* PaletteEditor.swift in Sources */,
				262FD2DC268B6CAF003F3170 /* EmojiArtApp.swift in Sources */,
				262FD308268B6F56003F3170 /* EmojiArtDocument.swift in Sources */,
				262FD30C268B716C003F3170 /* UtilityExtensions.swift in Sources */,
				262FD304268B6D05003F3170 /* EmojiArtModel.swift in Sources */,
				262FD306268B6E24003F3170 /* EmojiArtModel.Background.swift in Sources */,
				262FD30B268B716C003F3170 /* UtilityViews.swift in Sources */,
				26483305268D2F210043B43F /* PaletteChooser.swift in Sources */,
			);
			runOnlyForDeploymentPostprocessing = 0;
		};
		262FD2E4268B6CB0003F3170 /* Sources */ = {
			isa = PBXSourcesBuildPhase;
			buildActionMask = 2147483647;
			files = (
				262FD2ED268B6CB0003F3170 /* EmojiArtTests.swift in Sources */,
			);
			runOnlyForDeploymentPostprocessing = 0;
		};
		262FD2EE268B6CB0003F3170 /* Sources */ = {
			isa = PBXSourcesBuildPhase;
			buildActionMask = 2147483647;
			files = (
				262FD2F7268B6CB0003F3170 /* EmojiArtUITests.swift in Sources */,
			);
			runOnlyForDeploymentPostprocessing = 0;
		};
/* End PBXSourcesBuildPhase section */

/* Begin PBXTargetDependency section */
		262FD2EA268B6CB0003F3170 /* PBXTargetDependency */ = {
			isa = PBXTargetDependency;
			target = 262FD2D7268B6CAE003F3170 /* EmojiArt */;
			targetProxy = 262FD2E9268B6CB0003F3170 /* PBXContainerItemProxy */;
		};
		262FD2F4268B6CB0003F3170 /* PBXTargetDependency */ = {
			isa = PBXTargetDependency;
			target = 262FD2D7268B6CAE003F3170 /* EmojiArt */;
			targetProxy = 262FD2F3268B6CB0003F3170 /* PBXContainerItemProxy */;
		};
/* End PBXTargetDependency section */

/* Begin XCBuildConfiguration section */
		262FD2F8268B6CB0003F3170 /* Debug */ = {
			isa = XCBuildConfiguration;
			buildSettings = {
				ALWAYS_SEARCH_USER_PATHS = NO;
				CLANG_ANALYZER_NONNULL = YES;
				CLANG_ANALYZER_NUMBER_OBJECT_CONVERSION = YES_AGGRESSIVE;
				CLANG_CXX_LANGUAGE_STANDARD = "gnu++14";
				CLANG_CXX_LIBRARY = "libc++";
				CLANG_ENABLE_MODULES = YES;
				CLANG_ENABLE_OBJC_ARC = YES;
				CLANG_ENABLE_OBJC_WEAK = YES;
				CLANG_WARN_BLOCK_CAPTURE_AUTORELEASING = YES;
				CLANG_WARN_BOOL_CONVERSION = YES;
				CLANG_WARN_COMMA = YES;
				CLANG_WARN_CONSTANT_CONVERSION = YES;
				CLANG_WARN_DEPRECATED_OBJC_IMPLEMENTATIONS = YES;
				CLANG_WARN_DIRECT_OBJC_ISA_USAGE = YES_ERROR;
				CLANG_WARN_DOCUMENTATION_COMMENTS = YES;
				CLANG_WARN_EMPTY_BODY = YES;
				CLANG_WARN_ENUM_CONVERSION = YES;
				CLANG_WARN_INFINITE_RECURSION = YES;
				CLANG_WARN_INT_CONVERSION = YES;
				CLANG_WARN_NON_LITERAL_NULL_CONVERSION = YES;
				CLANG_WARN_OBJC_IMPLICIT_RETAIN_SELF = YES;
				CLANG_WARN_OBJC_LITERAL_CONVERSION = YES;
				CLANG_WARN_OBJC_ROOT_CLASS = YES_ERROR;
				CLANG_WARN_QUOTED_INCLUDE_IN_FRAMEWORK_HEADER = YES;
				CLANG_WARN_RANGE_LOOP_ANALYSIS = YES;
				CLANG_WARN_STRICT_PROTOTYPES = YES;
				CLANG_WARN_SUSPICIOUS_MOVE = YES;
				CLANG_WARN_UNGUARDED_AVAILABILITY = YES_AGGRESSIVE;
				CLANG_WARN_UNREACHABLE_CODE = YES;
				CLANG_WARN__DUPLICATE_METHOD_MATCH = YES;
				COPY_PHASE_STRIP = NO;
				DEBUG_INFORMATION_FORMAT = dwarf;
				ENABLE_STRICT_OBJC_MSGSEND = YES;
				ENABLE_TESTABILITY = YES;
				GCC_C_LANGUAGE_STANDARD = gnu11;
				GCC_DYNAMIC_NO_PIC = NO;
				GCC_NO_COMMON_BLOCKS = YES;
				GCC_OPTIMIZATION_LEVEL = 0;
				GCC_PREPROCESSOR_DEFINITIONS = (
					"DEBUG=1",
					"$(inherited)",
				);
				GCC_WARN_64_TO_32_BIT_CONVERSION = YES;
				GCC_WARN_ABOUT_RETURN_TYPE = YES_ERROR;
				GCC_WARN_UNDECLARED_SELECTOR = YES;
				GCC_WARN_UNINITIALIZED_AUTOS = YES_AGGRESSIVE;
				GCC_WARN_UNUSED_FUNCTION = YES;
				GCC_WARN_UNUSED_VARIABLE = YES;
				IPHONEOS_DEPLOYMENT_TARGET = 15.0;
				MTL_ENABLE_DEBUG_INFO = INCLUDE_SOURCE;
				MTL_FAST_MATH = YES;
				ONLY_ACTIVE_ARCH = YES;
				SDKROOT = iphoneos;
				SWIFT_ACTIVE_COMPILATION_CONDITIONS = DEBUG;
				SWIFT_OPTIMIZATION_LEVEL = "-Onone";
			};
			name = Debug;
		};
		262FD2F9268B6CB0003F3170 /* Release */ = {
			isa = XCBuildConfiguration;
			buildSettings = {
				ALWAYS_SEARCH_USER_PATHS = NO;
				CLANG_ANALYZER_NONNULL = YES;
				CLANG_ANALYZER_NUMBER_OBJECT_CONVERSION = YES_AGGRESSIVE;
				CLANG_CXX_LANGUAGE_STANDARD = "gnu++14";
				CLANG_CXX_LIBRARY = "libc++";
				CLANG_ENABLE_MODULES = YES;
				CLANG_ENABLE_OBJC_ARC = YES;
				CLANG_ENABLE_OBJC_WEAK = YES;
				CLANG_WARN_BLOCK_CAPTURE_AUTORELEASING = YES;
				CLANG_WARN_BOOL_CONVERSION = YES;
				CLANG_WARN_COMMA = YES;
				CLANG_WARN_CONSTANT_CONVERSION = YES;
				CLANG_WARN_DEPRECATED_OBJC_IMPLEMENTATIONS = YES;
				CLANG_WARN_DIRECT_OBJC_ISA_USAGE = YES_ERROR;
				CLANG_WARN_DOCUMENTATION_COMMENTS = YES;
				CLANG_WARN_EMPTY_BODY = YES;
				CLANG_WARN_ENUM_CONVERSION = YES;
				CLANG_WARN_INFINITE_RECURSION = YES;
				CLANG_WARN_INT_CONVERSION = YES;
				CLANG_WARN_NON_LITERAL_NULL_CONVERSION = YES;
				CLANG_WARN_OBJC_IMPLICIT_RETAIN_SELF = YES;
				CLANG_WARN_OBJC_LITERAL_CONVERSION = YES;
				CLANG_WARN_OBJC_ROOT_CLASS = YES_ERROR;
				CLANG_WARN_QUOTED_INCLUDE_IN_FRAMEWORK_HEADER = YES;
				CLANG_WARN_RANGE_LOOP_ANALYSIS = YES;
				CLANG_WARN_STRICT_PROTOTYPES = YES;
				CLANG_WARN_SUSPICIOUS_MOVE = YES;
				CLANG_WARN_UNGUARDED_AVAILABILITY = YES_AGGRESSIVE;
				CLANG_WARN_UNREACHABLE_CODE = YES;
				CLANG_WARN__DUPLICATE_METHOD_MATCH = YES;
				COPY_PHASE_STRIP = NO;
				DEBUG_INFORMATION_FORMAT = "dwarf-with-dsym";
				ENABLE_NS_ASSERTIONS = NO;
				ENABLE_STRICT_OBJC_MSGSEND = YES;
				GCC_C_LANGUAGE_STANDARD = gnu11;
				GCC_NO_COMMON_BLOCKS = YES;
				GCC_WARN_64_TO_32_BIT_CONVERSION = YES;
				GCC_WARN_ABOUT_RETURN_TYPE = YES_ERROR;
				GCC_WARN_UNDECLARED_SELECTOR = YES;
				GCC_WARN_UNINITIALIZED_AUTOS = YES_AGGRESSIVE;
				GCC_WARN_UNUSED_FUNCTION = YES;
				GCC_WARN_UNUSED_VARIABLE = YES;
				IPHONEOS_DEPLOYMENT_TARGET = 15.0;
				MTL_ENABLE_DEBUG_INFO = NO;
				MTL_FAST_MATH = YES;
				SDKROOT = iphoneos;
				SWIFT_COMPILATION_MODE = wholemodule;
				SWIFT_OPTIMIZATION_LEVEL = "-O";
				VALIDATE_PRODUCT = YES;
			};
			name = Release;
		};
		262FD2FB268B6CB0003F3170 /* Debug */ = {
			isa = XCBuildConfiguration;
			buildSettings = {
				ASSETCATALOG_COMPILER_APPICON_NAME = "AppIcon-iOS";
				ASSETCATALOG_COMPILER_GLOBAL_ACCENT_COLOR_NAME = AccentColor;
				ASSETCATALOG_COMPILER_INCLUDE_ALL_APPICON_ASSETS = YES;
				CODE_SIGN_STYLE = Automatic;
				CURRENT_PROJECT_VERSION = 1;
				DEVELOPMENT_ASSET_PATHS = "\"EmojiArt/Preview Content\"";
				DEVELOPMENT_TEAM = S99E9U4S8J;
				ENABLE_PREVIEWS = YES;
				GENERATE_INFOPLIST_FILE = YES;
				INFOPLIST_FILE = EmojiArt/Info.plist;
				INFOPLIST_KEY_CFBundleExecutable = EmojiArt;
				INFOPLIST_KEY_CFBundleName = EmojiArt;
				INFOPLIST_KEY_CFBundleVersion = 1;
				INFOPLIST_KEY_UIApplicationSceneManifest_Generation = YES;
				INFOPLIST_KEY_UIApplicationSupportsIndirectInputEvents = YES;
				INFOPLIST_KEY_UILaunchScreen_Generation = YES;
				INFOPLIST_KEY_UISupportedInterfaceOrientations_iPad = "UIInterfaceOrientationPortrait UIInterfaceOrientationPortraitUpsideDown UIInterfaceOrientationLandscapeLeft UIInterfaceOrientationLandscapeRight";
				INFOPLIST_KEY_UISupportedInterfaceOrientations_iPhone = "UIInterfaceOrientationPortrait UIInterfaceOrientationLandscapeLeft UIInterfaceOrientationLandscapeRight";
				IPHONEOS_DEPLOYMENT_TARGET = 14.1;
				LD_RUNPATH_SEARCH_PATHS = (
					"$(inherited)",
					"@executable_path/Frameworks",
				);
				MARKETING_VERSION = 1.0;
				PRODUCT_BUNDLE_IDENTIFIER = edu.stanford.cs193p.instructor.EmojiArt;
				PRODUCT_NAME = "$(TARGET_NAME)";
				SWIFT_EMIT_LOC_STRINGS = YES;
				SWIFT_VERSION = 5.0;
				TARGETED_DEVICE_FAMILY = "1,2";
			};
			name = Debug;
		};
		262FD2FC268B6CB0003F3170 /* Release */ = {
			isa = XCBuildConfiguration;
			buildSettings = {
				ASSETCATALOG_COMPILER_APPICON_NAME = "AppIcon-iOS";
				ASSETCATALOG_COMPILER_GLOBAL_ACCENT_COLOR_NAME = AccentColor;
				ASSETCATALOG_COMPILER_INCLUDE_ALL_APPICON_ASSETS = YES;
				CODE_SIGN_STYLE = Automatic;
				CURRENT_PROJECT_VERSION = 1;
				DEVELOPMENT_ASSET_PATHS = "\"EmojiArt/Preview Content\"";
				DEVELOPMENT_TEAM = S99E9U4S8J;
				ENABLE_PREVIEWS = YES;
				GENERATE_INFOPLIST_FILE = YES;
				INFOPLIST_FILE = EmojiArt/Info.plist;
				INFOPLIST_KEY_CFBundleExecutable = EmojiArt;
				INFOPLIST_KEY_CFBundleName = EmojiArt;
				INFOPLIST_KEY_CFBundleVersion = 1;
				INFOPLIST_KEY_UIApplicationSceneManifest_Generation = YES;
				INFOPLIST_KEY_UIApplicationSupportsIndirectInputEvents = YES;
				INFOPLIST_KEY_UILaunchScreen_Generation = YES;
				INFOPLIST_KEY_UISupportedInterfaceOrientations_iPad = "UIInterfaceOrientationPortrait UIInterfaceOrientationPortraitUpsideDown UIInterfaceOrientationLandscapeLeft UIInterfaceOrientationLandscapeRight";
				INFOPLIST_KEY_UISupportedInterfaceOrientations_iPhone = "UIInterfaceOrientationPortrait UIInterfaceOrientationLandscapeLeft UIInterfaceOrientationLandscapeRight";
				IPHONEOS_DEPLOYMENT_TARGET = 14.1;
				LD_RUNPATH_SEARCH_PATHS = (
					"$(inherited)",
					"@executable_path/Frameworks",
				);
				MARKETING_VERSION = 1.0;
				PRODUCT_BUNDLE_IDENTIFIER = edu.stanford.cs193p.instructor.EmojiArt;
				PRODUCT_NAME = "$(TARGET_NAME)";
				SWIFT_EMIT_LOC_STRINGS = YES;
				SWIFT_VERSION = 5.0;
				TARGETED_DEVICE_FAMILY = "1,2";
			};
			name = Release;
		};
		262FD2FE268B6CB0003F3170 /* Debug */ = {
			isa = XCBuildConfiguration;
			buildSettings = {
				ALWAYS_EMBED_SWIFT_STANDARD_LIBRARIES = YES;
				BUNDLE_LOADER = "$(TEST_HOST)";
				CODE_SIGN_STYLE = Automatic;
				CURRENT_PROJECT_VERSION = 1;
				DEVELOPMENT_TEAM = S99E9U4S8J;
				GENERATE_INFOPLIST_FILE = YES;
				IPHONEOS_DEPLOYMENT_TARGET = 14.0;
				LD_RUNPATH_SEARCH_PATHS = (
					"$(inherited)",
					"@executable_path/Frameworks",
					"@loader_path/Frameworks",
				);
				MARKETING_VERSION = 1.0;
				PRODUCT_BUNDLE_IDENTIFIER = edu.stanford.cs193p.instructor.EmojiArtTests;
				PRODUCT_NAME = "$(TARGET_NAME)";
				SWIFT_EMIT_LOC_STRINGS = NO;
				SWIFT_VERSION = 5.0;
				TARGETED_DEVICE_FAMILY = "1,2";
				TEST_HOST = "$(BUILT_PRODUCTS_DIR)/EmojiArt.app/EmojiArt";
			};
			name = Debug;
		};
		262FD2FF268B6CB0003F3170 /* Release */ = {
			isa = XCBuildConfiguration;
			buildSettings = {
				ALWAYS_EMBED_SWIFT_STANDARD_LIBRARIES = YES;
				BUNDLE_LOADER = "$(TEST_HOST)";
				CODE_SIGN_STYLE = Automatic;
				CURRENT_PROJECT_VERSION = 1;
				DEVELOPMENT_TEAM = S99E9U4S8J;
				GENERATE_INFOPLIST_FILE = YES;
				IPHONEOS_DEPLOYMENT_TARGET = 14.0;
				LD_RUNPATH_SEARCH_PATHS = (
					"$(inherited)",
					"@executable_path/Frameworks",
					"@loader_path/Frameworks",
				);
				MARKETING_VERSION = 1.0;
				PRODUCT_BUNDLE_IDENTIFIER = edu.stanford.cs193p.instructor.EmojiArtTests;
				PRODUCT_NAME = "$(TARGET_NAME)";
				SWIFT_EMIT_LOC_STRINGS = NO;
				SWIFT_VERSION = 5.0;
				TARGETED_DEVICE_FAMILY = "1,2";
				TEST_HOST = "$(BUILT_PRODUCTS_DIR)/EmojiArt.app/EmojiArt";
			};
			name = Release;
		};
		262FD301268B6CB0003F3170 /* Debug */ = {
			isa = XCBuildConfiguration;
			buildSettings = {
				ALWAYS_EMBED_SWIFT_STANDARD_LIBRARIES = YES;
				CODE_SIGN_STYLE = Automatic;
				CURRENT_PROJECT_VERSION = 1;
				DEVELOPMENT_TEAM = S99E9U4S8J;
				GENERATE_INFOPLIST_FILE = YES;
				LD_RUNPATH_SEARCH_PATHS = (
					"$(inherited)",
					"@executable_path/Frameworks",
					"@loader_path/Frameworks",
				);
				MARKETING_VERSION = 1.0;
				PRODUCT_BUNDLE_IDENTIFIER = edu.stanford.cs193p.instructor.EmojiArtUITests;
				PRODUCT_NAME = "$(TARGET_NAME)";
				SWIFT_EMIT_LOC_STRINGS = NO;
				SWIFT_VERSION = 5.0;
				TARGETED_DEVICE_FAMILY = "1,2";
				TEST_TARGET_NAME = EmojiArt;
			};
			name = Debug;
		};
		262FD302268B6CB0003F3170 /* Release */ = {
			isa = XCBuildConfiguration;
			buildSettings = {
				ALWAYS_EMBED_SWIFT_STANDARD_LIBRARIES = YES;
				CODE_SIGN_STYLE = Automatic;
				CURRENT_PROJECT_VERSION = 1;
				DEVELOPMENT_TEAM = S99E9U4S8J;
				GENERATE_INFOPLIST_FILE = YES;
				LD_RUNPATH_SEARCH_PATHS = (
					"$(inherited)",
					"@executable_path/Frameworks",
					"@loader_path/Frameworks",
				);
				MARKETING_VERSION = 1.0;
				PRODUCT_BUNDLE_IDENTIFIER = edu.stanford.cs193p.instructor.EmojiArtUITests;
				PRODUCT_NAME = "$(TARGET_NAME)";
				SWIFT_EMIT_LOC_STRINGS = NO;
				SWIFT_VERSION = 5.0;
				TARGETED_DEVICE_FAMILY = "1,2";
				TEST_TARGET_NAME = EmojiArt;
			};
			name = Release;
		};
/* End XCBuildConfiguration section */

/* Begin XCConfigurationList section */
		262FD2D3268B6CAE003F3170 /* Build configuration list for PBXProject "EmojiArt" */ = {
			isa = XCConfigurationList;
			buildConfigurations = (
				262FD2F8268B6CB0003F3170 /* Debug */,
				262FD2F9268B6CB0003F3170 /* Release */,
			);
			defaultConfigurationIsVisible = 0;
			defaultConfigurationName = Release;
		};
		262FD2FA268B6CB0003F3170 /* Build configuration list for PBXNativeTarget "EmojiArt" */ = {
			isa = XCConfigurationList;
			buildConfigurations = (
				262FD2FB268B6CB0003F3170 /* Debug */,
				262FD2FC268B6CB0003F3170 /* Release */,
			);
			defaultConfigurationIsVisible = 0;
			defaultConfigurationName = Release;
		};
		262FD2FD268B6CB0003F3170 /* Build configuration list for PBXNativeTarget "EmojiArtTests" */ = {
			isa = XCConfigurationList;
			buildConfigurations = (
				262FD2FE268B6CB0003F3170 /* Debug */,
				262FD2FF268B6CB0003F3170 /* Release */,
			);
			defaultConfigurationIsVisible = 0;
			defaultConfigurationName = Release;
		};
		262FD300268B6CB0003F3170 /* Build configuration list for PBXNativeTarget "EmojiArtUITests" */ = {
			isa = XCConfigurationList;
			buildConfigurations = (
				262FD301268B6CB0003F3170 /* Debug */,
				262FD302268B6CB0003F3170 /* Release */,
			);
			defaultConfigurationIsVisible = 0;
			defaultConfigurationName = Release;
		};
/* End XCConfigurationList section */
	};
	rootObject = 262FD2D0268B6CAE003F3170 /* Project object */;
}
