// !$*UTF8*$!
{
	archiveVersion = 1;
	classes = {
	};
	objectVersion = 50;
	objects = {

/* Begin PBXBuildFile section */
		264741C626646DB300CD7277 /* MemoryGame.swift in Sources */ = {isa = PBXBuildFile; fileRef = 264741C526646DB300CD7277 /* MemoryGame.swift */; };
		264741C826646ECB00CD7277 /* EmojiMemoryGame.swift in Sources */ = {isa = PBXBuildFile; fileRef = 264741C726646ECB00CD7277 /* EmojiMemoryGame.swift */; };
		26DBE81426600A5000D8766A /* MemorizeApp.swift in Sources */ = {isa = PBXBuildFile; fileRef = 26DBE81326600A5000D8766A /* MemorizeApp.swift */; };
		26DBE81626600A5000D8766A /* EmojiMemoryGameView.swift in Sources */ = {isa = PBXBuildFile; fileRef = 26DBE81526600A5000D8766A /* EmojiMemoryGameView.swift */; };
		26DBE81826600A5100D8766A /* Assets.xcassets in Resources */ = {isa = PBXBuildFile; fileRef = 26DBE81726600A5100D8766A /* Assets.xcassets */; };
		26DBE81B26600A5100D8766A /* Preview Assets.xcassets in Resources */ = {isa = PBXBuildFile; fileRef = 26DBE81A26600A5100D8766A /* Preview Assets.xcassets */; };
		26DBE82626600A5100D8766A /* MemorizeTests.swift in Sources */ = {isa = PBXBuildFile; fileRef = 26DBE82526600A5100D8766A /* MemorizeTests.swift */; };
		26DBE83126600A5100D8766A /* MemorizeUITests.swift in Sources */ = {isa = PBXBuildFile; fileRef = 26DBE83026600A5100D8766A /* MemorizeUITests.swift */; };
/* End PBXBuildFile section */

/* Begin PBXContainerItemProxy section */
		26DBE82226600A5100D8766A /* PBXContainerItemProxy */ = {
			isa = PBXContainerItemProxy;
			containerPortal = 26DBE80826600A5000D8766A /* Project object */;
			proxyType = 1;
			remoteGlobalIDString = 26DBE80F26600A5000D8766A;
			remoteInfo = Memorize;
		};
		26DBE82D26600A5100D8766A /* PBXContainerItemProxy */ = {
			isa = PBXContainerItemProxy;
			containerPortal = 26DBE80826600A5000D8766A /* Project object */;
			proxyType = 1;
			remoteGlobalIDString = 26DBE80F26600A5000D8766A;
			remoteInfo = Memorize;
		};
/* End PBXContainerItemProxy section */

/* Begin PBXFileReference section */
		264741C526646DB300CD7277 /* MemoryGame.swift */ = {isa = PBXFileReference; lastKnownFileType = sourcecode.swift; path = MemoryGame.swift; sourceTree = "<group>"; };
		264741C726646ECB00CD7277 /* EmojiMemoryGame.swift */ = {isa = PBXFileReference; lastKnownFileType = sourcecode.swift; path = EmojiMemoryGame.swift; sourceTree = "<group>"; };
		26DBE81026600A5000D8766A /* Memorize.app */ = {isa = PBXFileReference; explicitFileType = wrapper.application; includeInIndex = 0; path = Memorize.app; sourceTree = BUILT_PRODUCTS_DIR; };
		26DBE81326600A5000D8766A /* MemorizeApp.swift */ = {isa = PBXFileReference; lastKnownFileType = sourcecode.swift; path = MemorizeApp.swift; sourceTree = "<group>"; };
		26DBE81526600A5000D8766A /* EmojiMemoryGameView.swift */ = {isa = PBXFileReference; lastKnownFileType = sourcecode.swift; path = EmojiMemoryGameView.swift; sourceTree = "<group>"; };
		26DBE81726600A5100D8766A /* Assets.xcassets */ = {isa = PBXFileReference; lastKnownFileType = folder.assetcatalog; path = Assets.xcassets; sourceTree = "<group>"; };
		26DBE81A26600A5100D8766A /* Preview Assets.xcassets */ = {isa = PBXFileReference; lastKnownFileType = folder.assetcatalog; path = "Preview Assets.xcassets"; sourceTree = "<group>"; };
		26DBE81C26600A5100D8766A /* Info.plist */ = {isa = PBXFileReference; lastKnownFileType = text.plist.xml; path = Info.plist; sourceTree = "<group>"; };
		26DBE82126600A5100D8766A /* MemorizeTests.xctest */ = {isa = PBXFileReference; explicitFileType = wrapper.cfbundle; includeInIndex = 0; path = MemorizeTests.xctest; sourceTree = BUILT_PRODUCTS_DIR; };
		26DBE82526600A5100D8766A /* MemorizeTests.swift */ = {isa = PBXFileReference; lastKnownFileType = sourcecode.swift; path = MemorizeTests.swift; sourceTree = "<group>"; };
		26DBE82726600A5100D8766A /* Info.plist */ = {isa = PBXFileReference; lastKnownFileType = text.plist.xml; path = Info.plist; sourceTree = "<group>"; };
		26DBE82C26600A5100D8766A /* MemorizeUITests.xctest */ = {isa = PBXFileReference; explicitFileType = wrapper.cfbundle; includeInIndex = 0; path = MemorizeUITests.xctest; sourceTree = BUILT_PRODUCTS_DIR; };
		26DBE83026600A5100D8766A /* MemorizeUITests.swift */ = {isa = PBXFileReference; lastKnownFileType = sourcecode.swift; path = MemorizeUITests.swift; sourceTree = "<group>"; };
		26DBE83226600A5100D8766A /* Info.plist */ = {isa = PBXFileReference; lastKnownFileType = text.plist.xml; path = Info.plist; sourceTree = "<group>"; };
/* End PBXFileReference section */

/* Begin PBXFrameworksBuildPhase section */
		26DBE80D26600A5000D8766A /* Frameworks */ = {
			isa = PBXFrameworksBuildPhase;
			buildActionMask = 2147483647;
			files = (
			);
			runOnlyForDeploymentPostprocessing = 0;
		};
		26DBE81E26600A5100D8766A /* Frameworks */ = {
			isa = PBXFrameworksBuildPhase;
			buildActionMask = 2147483647;
			files = (
			);
			runOnlyForDeploymentPostprocessing = 0;
		};
		26DBE82926600A5100D8766A /* Frameworks */ = {
			isa = PBXFrameworksBuildPhase;
			buildActionMask = 2147483647;
			files = (
			);
			runOnlyForDeploymentPostprocessing = 0;
		};
/* End PBXFrameworksBuildPhase section */

/* Begin PBXGroup section */
		26DBE80726600A5000D8766A = {
			isa = PBXGroup;
			children = (
				26DBE81226600A5000D8766A /* Memorize */,
				26DBE82426600A5100D8766A /* MemorizeTests */,
				26DBE82F26600A5100D8766A /* MemorizeUITests */,
				26DBE81126600A5000D8766A /* Products */,
			);
			sourceTree = "<group>";
		};
		26DBE81126600A5000D8766A /* Products */ = {
			isa = PBXGroup;
			children = (
				26DBE81026600A5000D8766A /* Memorize.app */,
				26DBE82126600A5100D8766A /* MemorizeTests.xctest */,
				26DBE82C26600A5100D8766A /* MemorizeUITests.xctest */,
			);
			name = Products;
			sourceTree = "<group>";
		};
		26DBE81226600A5000D8766A /* Memorize */ = {
			isa = PBXGroup;
			children = (
				264741C526646DB300CD7277 /* MemoryGame.swift */,
				26DBE81326600A5000D8766A /* MemorizeApp.swift */,
				264741C726646ECB00CD7277 /* EmojiMemoryGame.swift */,
				26DBE81526600A5000D8766A /* EmojiMemoryGameView.swift */,
				26DBE81726600A5100D8766A /* Assets.xcassets */,
				26DBE81C26600A5100D8766A /* Info.plist */,
				26DBE81926600A5100D8766A /* Preview Content */,
			);
			path = Memorize;
			sourceTree = "<group>";
		};
		26DBE81926600A5100D8766A /* Preview Content */ = {
			isa = PBXGroup;
			children = (
				26DBE81A26600A5100D8766A /* Preview Assets.xcassets */,
			);
			path = "Preview Content";
			sourceTree = "<group>";
		};
		26DBE82426600A5100D8766A /* MemorizeTests */ = {
			isa = PBXGroup;
			children = (
				26DBE82526600A5100D8766A /* MemorizeTests.swift */,
				26DBE82726600A5100D8766A /* Info.plist */,
			);
			path = MemorizeTests;
			sourceTree = "<group>";
		};
		26DBE82F26600A5100D8766A /* MemorizeUITests */ = {
			isa = PBXGroup;
			children = (
				26DBE83026600A5100D8766A /* MemorizeUITests.swift */,
				26DBE83226600A5100D8766A /* Info.plist */,
			);
			path = MemorizeUITests;
			sourceTree = "<group>";
		};
/* End PBXGroup section */

/* Begin PBXNativeTarget section */
		26DBE80F26600A5000D8766A /* Memorize */ = {
			isa = PBXNativeTarget;
			buildConfigurationList = 26DBE83526600A5100D8766A /* Build configuration list for PBXNativeTarget "Memorize" */;
			buildPhases = (
				26DBE80C26600A5000D8766A /* Sources */,
				26DBE80D26600A5000D8766A /* Frameworks */,
				26DBE80E26600A5000D8766A /* Resources */,
			);
			buildRules = (
			);
			dependencies = (
			);
			name = Memorize;
			productName = Memorize;
			productReference = 26DBE81026600A5000D8766A /* Memorize.app */;
			productType = "com.apple.product-type.application";
		};
		26DBE82026600A5100D8766A /* MemorizeTests */ = {
			isa = PBXNativeTarget;
			buildConfigurationList = 26DBE83826600A5100D8766A /* Build configuration list for PBXNativeTarget "MemorizeTests" */;
			buildPhases = (
				26DBE81D26600A5100D8766A /* Sources */,
				26DBE81E26600A5100D8766A /* Frameworks */,
				26DBE81F26600A5100D8766A /* Resources */,
			);
			buildRules = (
			);
			dependencies = (
				26DBE82326600A5100D8766A /* PBXTargetDependency */,
			);
			name = MemorizeTests;
			productName = MemorizeTests;
			productReference = 26DBE82126600A5100D8766A /* MemorizeTests.xctest */;
			productType = "com.apple.product-type.bundle.unit-test";
		};
		26DBE82B26600A5100D8766A /* MemorizeUITests */ = {
			isa = PBXNativeTarget;
			buildConfigurationList = 26DBE83B26600A5100D8766A /* Build configuration list for PBXNativeTarget "MemorizeUITests" */;
			buildPhases = (
				26DBE82826600A5100D8766A /* Sources */,
				26DBE82926600A5100D8766A /* Frameworks */,
				26DBE82A26600A5100D8766A /* Resources */,
			);
			buildRules = (
			);
			dependencies = (
				26DBE82E26600A5100D8766A /* PBXTargetDependency */,
			);
			name = MemorizeUITests;
			productName = MemorizeUITests;
			productReference = 26DBE82C26600A5100D8766A /* MemorizeUITests.xctest */;
			productType = "com.apple.product-type.bundle.ui-testing";
		};
/* End PBXNativeTarget section */

/* Begin PBXProject section */
		26DBE80826600A5000D8766A /* Project object */ = {
			isa = PBXProject;
			attributes = {
				LastSwiftUpdateCheck = 1250;
				LastUpgradeCheck = 1250;
				TargetAttributes = {
					26DBE80F26600A5000D8766A = {
						CreatedOnToolsVersion = 12.5;
					};
					26DBE82026600A5100D8766A = {
						CreatedOnToolsVersion = 12.5;
						TestTargetID = 26DBE80F26600A5000D8766A;
					};
					26DBE82B26600A5100D8766A = {
						CreatedOnToolsVersion = 12.5;
						TestTargetID = 26DBE80F26600A5000D8766A;
					};
				};
			};
			buildConfigurationList = 26DBE80B26600A5000D8766A /* Build configuration list for PBXProject "Memorize" */;
			compatibilityVersion = "Xcode 9.3";
			developmentRegion = en;
			hasScannedForEncodings = 0;
			knownRegions = (
				en,
				Base,
			);
			mainGroup = 26DBE80726600A5000D8766A;
			productRefGroup = 26DBE81126600A5000D8766A /* Products */;
			projectDirPath = "";
			projectRoot = "";
			targets = (
				26DBE80F26600A5000D8766A /* Memorize */,
				26DBE82026600A5100D8766A /* MemorizeTests */,
				26DBE82B26600A5100D8766A /* MemorizeUITests */,
			);
		};
/* End PBXProject section */

/* Begin PBXResourcesBuildPhase section */
		26DBE80E26600A5000D8766A /* Resources */ = {
			isa = PBXResourcesBuildPhase;
			buildActionMask = 2147483647;
			files = (
				26DBE81B26600A5100D8766A /* Preview Assets.xcassets in Resources */,
				26DBE81826600A5100D8766A /* Assets.xcassets in Resources */,
			);
			runOnlyForDeploymentPostprocessing = 0;
		};
		26DBE81F26600A5100D8766A /* Resources */ = {
			isa = PBXResourcesBuildPhase;
			buildActionMask = 2147483647;
			files = (
			);
			runOnlyForDeploymentPostprocessing = 0;
		};
		26DBE82A26600A5100D8766A /* Resources */ = {
			isa = PBXResourcesBuildPhase;
			buildActionMask = 2147483647;
			files = (
			);
			runOnlyForDeploymentPostprocessing = 0;
		};
/* End PBXResourcesBuildPhase section */

/* Begin PBXSourcesBuildPhase section */
		26DBE80C26600A5000D8766A /* Sources */ = {
			isa = PBXSourcesBuildPhase;
			buildActionMask = 2147483647;
			files = (
				26DBE81626600A5000D8766A /* EmojiMemoryGameView.swift in Sources */,
				264741C626646DB300CD7277 /* MemoryGame.swift in Sources */,
				26DBE81426600A5000D8766A /* MemorizeApp.swift in Sources */,
				264741C826646ECB00CD7277 /* EmojiMemoryGame.swift in Sources */,
			);
			runOnlyForDeploymentPostprocessing = 0;
		};
		26DBE81D26600A5100D8766A /* Sources */ = {
			isa = PBXSourcesBuildPhase;
			buildActionMask = 2147483647;
			files = (
				26DBE82626600A5100D8766A /* MemorizeTests.swift in Sources */,
			);
			runOnlyForDeploymentPostprocessing = 0;
		};
		26DBE82826600A5100D8766A /* Sources */ = {
			isa = PBXSourcesBuildPhase;
			buildActionMask = 2147483647;
			files = (
				26DBE83126600A5100D8766A /* MemorizeUITests.swift in Sources */,
			);
			runOnlyForDeploymentPostprocessing = 0;
		};
/* End PBXSourcesBuildPhase section */

/* Begin PBXTargetDependency section */
		26DBE82326600A5100D8766A /* PBXTargetDependency */ = {
			isa = PBXTargetDependency;
			target = 26DBE80F26600A5000D8766A /* Memorize */;
			targetProxy = 26DBE82226600A5100D8766A /* PBXContainerItemProxy */;
		};
		26DBE82E26600A5100D8766A /* PBXTargetDependency */ = {
			isa = PBXTargetDependency;
			target = 26DBE80F26600A5000D8766A /* Memorize */;
			targetProxy = 26DBE82D26600A5100D8766A /* PBXContainerItemProxy */;
		};
/* End PBXTargetDependency section */

/* Begin XCBuildConfiguration section */
		26DBE83326600A5100D8766A /* Debug */ = {
			isa = XCBuildConfiguration;
			buildSettings = {
				ALWAYS_SEARCH_USER_PATHS = NO;
				CLANG_ANALYZER_NONNULL = YES;
				CLANG_ANALYZER_NUMBER_OBJECT_CONVERSION = YES_AGGRESSIVE;
				CLANG_CXX_LANGUAGE_STANDARD = "gnu++14";
				CLANG_CXX_LIBRARY = "libc++";
				CLANG_ENABLE_MODULES = YES;
				CLANG_ENABLE_OBJC_ARC = YES;
				CLANG_ENABLE_OBJC_WEAK = YES;
				CLANG_WARN_BLOCK_CAPTURE_AUTORELEASING = YES;
				CLANG_WARN_BOOL_CONVERSION = YES;
				CLANG_WARN_COMMA = YES;
				CLANG_WARN_CONSTANT_CONVERSION = YES;
				CLANG_WARN_DEPRECATED_OBJC_IMPLEMENTATIONS = YES;
				CLANG_WARN_DIRECT_OBJC_ISA_USAGE = YES_ERROR;
				CLANG_WARN_DOCUMENTATION_COMMENTS = YES;
				CLANG_WARN_EMPTY_BODY = YES;
				CLANG_WARN_ENUM_CONVERSION = YES;
				CLANG_WARN_INFINITE_RECURSION = YES;
				CLANG_WARN_INT_CONVERSION = YES;
				CLANG_WARN_NON_LITERAL_NULL_CONVERSION = YES;
				CLANG_WARN_OBJC_IMPLICIT_RETAIN_SELF = YES;
				CLANG_WARN_OBJC_LITERAL_CONVERSION = YES;
				CLANG_WARN_OBJC_ROOT_CLASS = YES_ERROR;
				CLANG_WARN_QUOTED_INCLUDE_IN_FRAMEWORK_HEADER = YES;
				CLANG_WARN_RANGE_LOOP_ANALYSIS = YES;
				CLANG_WARN_STRICT_PROTOTYPES = YES;
				CLANG_WARN_SUSPICIOUS_MOVE = YES;
				CLANG_WARN_UNGUARDED_AVAILABILITY = YES_AGGRESSIVE;
				CLANG_WARN_UNREACHABLE_CODE = YES;
				CLANG_WARN__DUPLICATE_METHOD_MATCH = YES;
				COPY_PHASE_STRIP = NO;
				DEBUG_INFORMATION_FORMAT = dwarf;
				ENABLE_STRICT_OBJC_MSGSEND = YES;
				ENABLE_TESTABILITY = YES;
				GCC_C_LANGUAGE_STANDARD = gnu11;
				GCC_DYNAMIC_NO_PIC = NO;
				GCC_NO_COMMON_BLOCKS = YES;
				GCC_OPTIMIZATION_LEVEL = 0;
				GCC_PREPROCESSOR_DEFINITIONS = (
					"DEBUG=1",
					"$(inherited)",
				);
				GCC_WARN_64_TO_32_BIT_CONVERSION = YES;
				GCC_WARN_ABOUT_RETURN_TYPE = YES_ERROR;
				GCC_WARN_UNDECLARED_SELECTOR = YES;
				GCC_WARN_UNINITIALIZED_AUTOS = YES_AGGRESSIVE;
				GCC_WARN_UNUSED_FUNCTION = YES;
				GCC_WARN_UNUSED_VARIABLE = YES;
				IPHONEOS_DEPLOYMENT_TARGET = 14.5;
				MTL_ENABLE_DEBUG_INFO = INCLUDE_SOURCE;
				MTL_FAST_MATH = YES;
				ONLY_ACTIVE_ARCH = YES;
				SDKROOT = iphoneos;
				SWIFT_ACTIVE_COMPILATION_CONDITIONS = DEBUG;
				SWIFT_OPTIMIZATION_LEVEL = "-Onone";
			};
			name = Debug;
		};
		26DBE83426600A5100D8766A /* Release */ = {
			isa = XCBuildConfiguration;
			buildSettings = {
				ALWAYS_SEARCH_USER_PATHS = NO;
				CLANG_ANALYZER_NONNULL = YES;
				CLANG_ANALYZER_NUMBER_OBJECT_CONVERSION = YES_AGGRESSIVE;
				CLANG_CXX_LANGUAGE_STANDARD = "gnu++14";
				CLANG_CXX_LIBRARY = "libc++";
				CLANG_ENABLE_MODULES = YES;
				CLANG_ENABLE_OBJC_ARC = YES;
				CLANG_ENABLE_OBJC_WEAK = YES;
				CLANG_WARN_BLOCK_CAPTURE_AUTORELEASING = YES;
				CLANG_WARN_BOOL_CONVERSION = YES;
				CLANG_WARN_COMMA = YES;
				CLANG_WARN_CONSTANT_CONVERSION = YES;
				CLANG_WARN_DEPRECATED_OBJC_IMPLEMENTATIONS = YES;
				CLANG_WARN_DIRECT_OBJC_ISA_USAGE = YES_ERROR;
				CLANG_WARN_DOCUMENTATION_COMMENTS = YES;
				CLANG_WARN_EMPTY_BODY = YES;
				CLANG_WARN_ENUM_CONVERSION = YES;
				CLANG_WARN_INFINITE_RECURSION = YES;
				CLANG_WARN_INT_CONVERSION = YES;
				CLANG_WARN_NON_LITERAL_NULL_CONVERSION = YES;
				CLANG_WARN_OBJC_IMPLICIT_RETAIN_SELF = YES;
				CLANG_WARN_OBJC_LITERAL_CONVERSION = YES;
				CLANG_WARN_OBJC_ROOT_CLASS = YES_ERROR;
				CLANG_WARN_QUOTED_INCLUDE_IN_FRAMEWORK_HEADER = YES;
				CLANG_WARN_RANGE_LOOP_ANALYSIS = YES;
				CLANG_WARN_STRICT_PROTOTYPES = YES;
				CLANG_WARN_SUSPICIOUS_MOVE = YES;
				CLANG_WARN_UNGUARDED_AVAILABILITY = YES_AGGRESSIVE;
				CLANG_WARN_UNREACHABLE_CODE = YES;
				CLANG_WARN__DUPLICATE_METHOD_MATCH = YES;
				COPY_PHASE_STRIP = NO;
				DEBUG_INFORMATION_FORMAT = "dwarf-with-dsym";
				ENABLE_NS_ASSERTIONS = NO;
				ENABLE_STRICT_OBJC_MSGSEND = YES;
				GCC_C_LANGUAGE_STANDARD = gnu11;
				GCC_NO_COMMON_BLOCKS = YES;
				GCC_WARN_64_TO_32_BIT_CONVERSION = YES;
				GCC_WARN_ABOUT_RETURN_TYPE = YES_ERROR;
				GCC_WARN_UNDECLARED_SELECTOR = YES;
				GCC_WARN_UNINITIALIZED_AUTOS = YES_AGGRESSIVE;
				GCC_WARN_UNUSED_FUNCTION = YES;
				GCC_WARN_UNUSED_VARIABLE = YES;
				IPHONEOS_DEPLOYMENT_TARGET = 14.5;
				MTL_ENABLE_DEBUG_INFO = NO;
				MTL_FAST_MATH = YES;
				SDKROOT = iphoneos;
				SWIFT_COMPILATION_MODE = wholemodule;
				SWIFT_OPTIMIZATION_LEVEL = "-O";
				VALIDATE_PRODUCT = YES;
			};
			name = Release;
		};
		26DBE83626600A5100D8766A /* Debug */ = {
			isa = XCBuildConfiguration;
			buildSettings = {
				ASSETCATALOG_COMPILER_APPICON_NAME = AppIcon;
				ASSETCATALOG_COMPILER_GLOBAL_ACCENT_COLOR_NAME = AccentColor;
				CODE_SIGN_STYLE = Automatic;
				DEVELOPMENT_ASSET_PATHS = "\"Memorize/Preview Content\"";
				DEVELOPMENT_TEAM = S99E9U4S8J;
				ENABLE_PREVIEWS = YES;
				INFOPLIST_FILE = Memorize/Info.plist;
				IPHONEOS_DEPLOYMENT_TARGET = 14.0;
				LD_RUNPATH_SEARCH_PATHS = (
					"$(inherited)",
					"@executable_path/Frameworks",
				);
				PRODUCT_BUNDLE_IDENTIFIER = edu.stanford.cs193p.instructor.Memorize;
				PRODUCT_NAME = "$(TARGET_NAME)";
				SWIFT_VERSION = 5.0;
				TARGETED_DEVICE_FAMILY = "1,2";
			};
			name = Debug;
		};
		26DBE83726600A5100D8766A /* Release */ = {
			isa = XCBuildConfiguration;
			buildSettings = {
				ASSETCATALOG_COMPILER_APPICON_NAME = AppIcon;
				ASSETCATALOG_COMPILER_GLOBAL_ACCENT_COLOR_NAME = AccentColor;
				CODE_SIGN_STYLE = Automatic;
				DEVELOPMENT_ASSET_PATHS = "\"Memorize/Preview Content\"";
				DEVELOPMENT_TEAM = S99E9U4S8J;
				ENABLE_PREVIEWS = YES;
				INFOPLIST_FILE = Memorize/Info.plist;
				IPHONEOS_DEPLOYMENT_TARGET = 14.0;
				LD_RUNPATH_SEARCH_PATHS = (
					"$(inherited)",
					"@executable_path/Frameworks",
				);
				PRODUCT_BUNDLE_IDENTIFIER = edu.stanford.cs193p.instructor.Memorize;
				PRODUCT_NAME = "$(TARGET_NAME)";
				SWIFT_VERSION = 5.0;
				TARGETED_DEVICE_FAMILY = "1,2";
			};
			name = Release;
		};
		26DBE83926600A5100D8766A /* Debug */ = {
			isa = XCBuildConfiguration;
			buildSettings = {
				ALWAYS_EMBED_SWIFT_STANDARD_LIBRARIES = YES;
				BUNDLE_LOADER = "$(TEST_HOST)";
				CODE_SIGN_STYLE = Automatic;
				DEVELOPMENT_TEAM = S99E9U4S8J;
				INFOPLIST_FILE = MemorizeTests/Info.plist;
				IPHONEOS_DEPLOYMENT_TARGET = 14.0;
				LD_RUNPATH_SEARCH_PATHS = (
					"$(inherited)",
					"@executable_path/Frameworks",
					"@loader_path/Frameworks",
				);
				PRODUCT_BUNDLE_IDENTIFIER = edu.stanford.cs193p.instructor.MemorizeTests;
				PRODUCT_NAME = "$(TARGET_NAME)";
				SWIFT_VERSION = 5.0;
				TARGETED_DEVICE_FAMILY = "1,2";
				TEST_HOST = "$(BUILT_PRODUCTS_DIR)/Memorize.app/Memorize";
			};
			name = Debug;
		};
		26DBE83A26600A5100D8766A /* Release */ = {
			isa = XCBuildConfiguration;
			buildSettings = {
				ALWAYS_EMBED_SWIFT_STANDARD_LIBRARIES = YES;
				BUNDLE_LOADER = "$(TEST_HOST)";
				CODE_SIGN_STYLE = Automatic;
				DEVELOPMENT_TEAM = S99E9U4S8J;
				INFOPLIST_FILE = MemorizeTests/Info.plist;
				IPHONEOS_DEPLOYMENT_TARGET = 14.0;
				LD_RUNPATH_SEARCH_PATHS = (
					"$(inherited)",
					"@executable_path/Frameworks",
					"@loader_path/Frameworks",
				);
				PRODUCT_BUNDLE_IDENTIFIER = edu.stanford.cs193p.instructor.MemorizeTests;
				PRODUCT_NAME = "$(TARGET_NAME)";
				SWIFT_VERSION = 5.0;
				TARGETED_DEVICE_FAMILY = "1,2";
				TEST_HOST = "$(BUILT_PRODUCTS_DIR)/Memorize.app/Memorize";
			};
			name = Release;
		};
		26DBE83C26600A5100D8766A /* Debug */ = {
			isa = XCBuildConfiguration;
			buildSettings = {
				ALWAYS_EMBED_SWIFT_STANDARD_LIBRARIES = YES;
				CODE_SIGN_STYLE = Automatic;
				DEVELOPMENT_TEAM = S99E9U4S8J;
				INFOPLIST_FILE = MemorizeUITests/Info.plist;
				LD_RUNPATH_SEARCH_PATHS = (
					"$(inherited)",
					"@executable_path/Frameworks",
					"@loader_path/Frameworks",
				);
				PRODUCT_BUNDLE_IDENTIFIER = edu.stanford.cs193p.instructor.MemorizeUITests;
				PRODUCT_NAME = "$(TARGET_NAME)";
				SWIFT_VERSION = 5.0;
				TARGETED_DEVICE_FAMILY = "1,2";
				TEST_TARGET_NAME = Memorize;
			};
			name = Debug;
		};
		26DBE83D26600A5100D8766A /* Release */ = {
			isa = XCBuildConfiguration;
			buildSettings = {
				ALWAYS_EMBED_SWIFT_STANDARD_LIBRARIES = YES;
				CODE_SIGN_STYLE = Automatic;
				DEVELOPMENT_TEAM = S99E9U4S8J;
				INFOPLIST_FILE = MemorizeUITests/Info.plist;
				LD_RUNPATH_SEARCH_PATHS = (
					"$(inherited)",
					"@executable_path/Frameworks",
					"@loader_path/Frameworks",
				);
				PRODUCT_BUNDLE_IDENTIFIER = edu.stanford.cs193p.instructor.MemorizeUITests;
				PRODUCT_NAME = "$(TARGET_NAME)";
				SWIFT_VERSION = 5.0;
				TARGETED_DEVICE_FAMILY = "1,2";
				TEST_TARGET_NAME = Memorize;
			};
			name = Release;
		};
/* End XCBuildConfiguration section */

/* Begin XCConfigurationList section */
		26DBE80B26600A5000D8766A /* Build configuration list for PBXProject "Memorize" */ = {
			isa = XCConfigurationList;
			buildConfigurations = (
				26DBE83326600A5100D8766A /* Debug */,
				26DBE83426600A5100D8766A /* Release */,
			);
			defaultConfigurationIsVisible = 0;
			defaultConfigurationName = Release;
		};
		26DBE83526600A5100D8766A /* Build configuration list for PBXNativeTarget "Memorize" */ = {
			isa = XCConfigurationList;
			buildConfigurations = (
				26DBE83626600A5100D8766A /* Debug */,
				26DBE83726600A5100D8766A /* Release */,
			);
			defaultConfigurationIsVisible = 0;
			defaultConfigurationName = Release;
		};
		26DBE83826600A5100D8766A /* Build configuration list for PBXNativeTarget "MemorizeTests" */ = {
			isa = XCConfigurationList;
			buildConfigurations = (
				26DBE83926600A5100D8766A /* Debug */,
				26DBE83A26600A5100D8766A /* Release */,
			);
			defaultConfigurationIsVisible = 0;
			defaultConfigurationName = Release;
		};
		26DBE83B26600A5100D8766A /* Build configuration list for PBXNativeTarget "MemorizeUITests" */ = {
			isa = XCConfigurationList;
			buildConfigurations = (
				26DBE83C26600A5100D8766A /* Debug */,
				26DBE83D26600A5100D8766A /* Release */,
			);
			defaultConfigurationIsVisible = 0;
			defaultConfigurationName = Release;
		};
/* End XCConfigurationList section */
	};
	rootObject = 26DBE80826600A5000D8766A /* Project object */;
}
