// !$*UTF8*$!
{
	archiveVersion = 1;
	classes = {
	};
	objectVersion = 50;
	objects = {

/* Begin PBXBuildFile section */
		26FB528F266952CC005A7C60 /* SetApp.swift in Sources */ = {isa = PBXBuildFile; fileRef = 26FB528E266952CC005A7C60 /* SetApp.swift */; };
		26FB5291266952CC005A7C60 /* ContentView.swift in Sources */ = {isa = PBXBuildFile; fileRef = 26FB5290266952CC005A7C60 /* ContentView.swift */; };
		26FB5293266952CD005A7C60 /* Assets.xcassets in Resources */ = {isa = PBXBuildFile; fileRef = 26FB5292266952CD005A7C60 /* Assets.xcassets */; };
		26FB5296266952CD005A7C60 /* Preview Assets.xcassets in Resources */ = {isa = PBXBuildFile; fileRef = 26FB5295266952CD005A7C60 /* Preview Assets.xcassets */; };
		26FB52A1266952CD005A7C60 /* SetTests.swift in Sources */ = {isa = PBXBuildFile; fileRef = 26FB52A0266952CD005A7C60 /* SetTests.swift */; };
		26FB52AC266952CD005A7C60 /* SetUITests.swift in Sources */ = {isa = PBXBuildFile; fileRef = 26FB52AB266952CD005A7C60 /* SetUITests.swift */; };
		26FB52BC266C0B57005A7C60 /* AspectVGrid.swift in Sources */ = {isa = PBXBuildFile; fileRef = 26FB52BB266C0B57005A7C60 /* AspectVGrid.swift */; };
		26FB52BF266C188F005A7C60 /* SetViewModel.swift in Sources */ = {isa = PBXBuildFile; fileRef = 26FB52BE266C188F005A7C60 /* SetViewModel.swift */; };
		26FB52C1266C1965005A7C60 /* SetCard.swift in Sources */ = {isa = PBXBuildFile; fileRef = 26FB52C0266C1965005A7C60 /* SetCard.swift */; };
		26FB52C4266C1C0F005A7C60 /* ShapePreview.swift in Sources */ = {isa = PBXBuildFile; fileRef = 26FB52C3266C1C0F005A7C60 /* ShapePreview.swift */; };
/* End PBXBuildFile section */

/* Begin PBXContainerItemProxy section */
		26FB529D266952CD005A7C60 /* PBXContainerItemProxy */ = {
			isa = PBXContainerItemProxy;
			containerPortal = 26FB5283266952CC005A7C60 /* Project object */;
			proxyType = 1;
			remoteGlobalIDString = 26FB528A266952CC005A7C60;
			remoteInfo = Set;
		};
		26FB52A8266952CD005A7C60 /* PBXContainerItemProxy */ = {
			isa = PBXContainerItemProxy;
			containerPortal = 26FB5283266952CC005A7C60 /* Project object */;
			proxyType = 1;
			remoteGlobalIDString = 26FB528A266952CC005A7C60;
			remoteInfo = Set;
		};
/* End PBXContainerItemProxy section */

/* Begin PBXFileReference section */
		26FB528B266952CC005A7C60 /* Set.app */ = {isa = PBXFileReference; explicitFileType = wrapper.application; includeInIndex = 0; path = Set.app; sourceTree = BUILT_PRODUCTS_DIR; };
		26FB528E266952CC005A7C60 /* SetApp.swift */ = {isa = PBXFileReference; lastKnownFileType = sourcecode.swift; path = SetApp.swift; sourceTree = "<group>"; };
		26FB5290266952CC005A7C60 /* ContentView.swift */ = {isa = PBXFileReference; lastKnownFileType = sourcecode.swift; path = ContentView.swift; sourceTree = "<group>"; };
		26FB5292266952CD005A7C60 /* Assets.xcassets */ = {isa = PBXFileReference; lastKnownFileType = folder.assetcatalog; path = Assets.xcassets; sourceTree = "<group>"; };
		26FB5295266952CD005A7C60 /* Preview Assets.xcassets */ = {isa = PBXFileReference; lastKnownFileType = folder.assetcatalog; path = "Preview Assets.xcassets"; sourceTree = "<group>"; };
		26FB5297266952CD005A7C60 /* Info.plist */ = {isa = PBXFileReference; lastKnownFileType = text.plist.xml; path = Info.plist; sourceTree = "<group>"; };
		26FB529C266952CD005A7C60 /* SetTests.xctest */ = {isa = PBXFileReference; explicitFileType = wrapper.cfbundle; includeInIndex = 0; path = SetTests.xctest; sourceTree = BUILT_PRODUCTS_DIR; };
		26FB52A0266952CD005A7C60 /* SetTests.swift */ = {isa = PBXFileReference; lastKnownFileType = sourcecode.swift; path = SetTests.swift; sourceTree = "<group>"; };
		26FB52A2266952CD005A7C60 /* Info.plist */ = {isa = PBXFileReference; lastKnownFileType = text.plist.xml; path = Info.plist; sourceTree = "<group>"; };
		26FB52A7266952CD005A7C60 /* SetUITests.xctest */ = {isa = PBXFileReference; explicitFileType = wrapper.cfbundle; includeInIndex = 0; path = SetUITests.xctest; sourceTree = BUILT_PRODUCTS_DIR; };
		26FB52AB266952CD005A7C60 /* SetUITests.swift */ = {isa = PBXFileReference; lastKnownFileType = sourcecode.swift; path = SetUITests.swift; sourceTree = "<group>"; };
		26FB52AD266952CD005A7C60 /* Info.plist */ = {isa = PBXFileReference; lastKnownFileType = text.plist.xml; path = Info.plist; sourceTree = "<group>"; };
		26FB52BB266C0B57005A7C60 /* AspectVGrid.swift */ = {isa = PBXFileReference; lastKnownFileType = sourcecode.swift; path = AspectVGrid.swift; sourceTree = "<group>"; };
		26FB52BE266C188F005A7C60 /* SetViewModel.swift */ = {isa = PBXFileReference; lastKnownFileType = sourcecode.swift; path = SetViewModel.swift; sourceTree = "<group>"; };
		26FB52C0266C1965005A7C60 /* SetCard.swift */ = {isa = PBXFileReference; lastKnownFileType = sourcecode.swift; path = SetCard.swift; sourceTree = "<group>"; };
		26FB52C3266C1C0F005A7C60 /* ShapePreview.swift */ = {isa = PBXFileReference; lastKnownFileType = sourcecode.swift; path = ShapePreview.swift; sourceTree = "<group>"; };
/* End PBXFileReference section */

/* Begin PBXFrameworksBuildPhase section */
		26FB5288266952CC005A7C60 /* Frameworks */ = {
			isa = PBXFrameworksBuildPhase;
			buildActionMask = 2147483647;
			files = (
			);
			runOnlyForDeploymentPostprocessing = 0;
		};
		26FB5299266952CD005A7C60 /* Frameworks */ = {
			isa = PBXFrameworksBuildPhase;
			buildActionMask = 2147483647;
			files = (
			);
			runOnlyForDeploymentPostprocessing = 0;
		};
		26FB52A4266952CD005A7C60 /* Frameworks */ = {
			isa = PBXFrameworksBuildPhase;
			buildActionMask = 2147483647;
			files = (
			);
			runOnlyForDeploymentPostprocessing = 0;
		};
/* End PBXFrameworksBuildPhase section */

/* Begin PBXGroup section */
		26FB5282266952CC005A7C60 = {
			isa = PBXGroup;
			children = (
				26FB528D266952CC005A7C60 /* Set */,
				26FB529F266952CD005A7C60 /* SetTests */,
				26FB52AA266952CD005A7C60 /* SetUITests */,
				26FB528C266952CC005A7C60 /* Products */,
			);
			sourceTree = "<group>";
		};
		26FB528C266952CC005A7C60 /* Products */ = {
			isa = PBXGroup;
			children = (
				26FB528B266952CC005A7C60 /* Set.app */,
				26FB529C266952CD005A7C60 /* SetTests.xctest */,
				26FB52A7266952CD005A7C60 /* SetUITests.xctest */,
			);
			name = Products;
			sourceTree = "<group>";
		};
		26FB528D266952CC005A7C60 /* Set */ = {
			isa = PBXGroup;
			children = (
				26FB528E266952CC005A7C60 /* SetApp.swift */,
				26FB52C2266C1BD4005A7C60 /* Shape */,
				26FB52BB266C0B57005A7C60 /* AspectVGrid.swift */,
				26FB52C0266C1965005A7C60 /* SetCard.swift */,
				26FB5290266952CC005A7C60 /* ContentView.swift */,
				26FB52BE266C188F005A7C60 /* SetViewModel.swift */,
				26FB5292266952CD005A7C60 /* Assets.xcassets */,
				26FB5297266952CD005A7C60 /* Info.plist */,
				26FB5294266952CD005A7C60 /* Preview Content */,
			);
			path = Set;
			sourceTree = "<group>";
		};
		26FB5294266952CD005A7C60 /* Preview Content */ = {
			isa = PBXGroup;
			children = (
				26FB5295266952CD005A7C60 /* Preview Assets.xcassets */,
			);
			path = "Preview Content";
			sourceTree = "<group>";
		};
		26FB529F266952CD005A7C60 /* SetTests */ = {
			isa = PBXGroup;
			children = (
				26FB52A0266952CD005A7C60 /* SetTests.swift */,
				26FB52A2266952CD005A7C60 /* Info.plist */,
			);
			path = SetTests;
			sourceTree = "<group>";
		};
		26FB52AA266952CD005A7C60 /* SetUITests */ = {
			isa = PBXGroup;
			children = (
				26FB52AB266952CD005A7C60 /* SetUITests.swift */,
				26FB52AD266952CD005A7C60 /* Info.plist */,
			);
			path = SetUITests;
			sourceTree = "<group>";
		};
		26FB52C2266C1BD4005A7C60 /* Shape */ = {
			isa = PBXGroup;
			children = (
				26FB52C3266C1C0F005A7C60 /* ShapePreview.swift */,
			);
			path = Shape;
			sourceTree = "<group>";
		};
/* End PBXGroup section */

/* Begin PBXNativeTarget section */
		26FB528A266952CC005A7C60 /* Set */ = {
			isa = PBXNativeTarget;
			buildConfigurationList = 26FB52B0266952CD005A7C60 /* Build configuration list for PBXNativeTarget "Set" */;
			buildPhases = (
				26FB5287266952CC005A7C60 /* Sources */,
				26FB5288266952CC005A7C60 /* Frameworks */,
				26FB5289266952CC005A7C60 /* Resources */,
			);
			buildRules = (
			);
			dependencies = (
			);
			name = Set;
			productName = Set;
			productReference = 26FB528B266952CC005A7C60 /* Set.app */;
			productType = "com.apple.product-type.application";
		};
		26FB529B266952CD005A7C60 /* SetTests */ = {
			isa = PBXNativeTarget;
			buildConfigurationList = 26FB52B3266952CD005A7C60 /* Build configuration list for PBXNativeTarget "SetTests" */;
			buildPhases = (
				26FB5298266952CD005A7C60 /* Sources */,
				26FB5299266952CD005A7C60 /* Frameworks */,
				26FB529A266952CD005A7C60 /* Resources */,
			);
			buildRules = (
			);
			dependencies = (
				26FB529E266952CD005A7C60 /* PBXTargetDependency */,
			);
			name = SetTests;
			productName = SetTests;
			productReference = 26FB529C266952CD005A7C60 /* SetTests.xctest */;
			productType = "com.apple.product-type.bundle.unit-test";
		};
		26FB52A6266952CD005A7C60 /* SetUITests */ = {
			isa = PBXNativeTarget;
			buildConfigurationList = 26FB52B6266952CD005A7C60 /* Build configuration list for PBXNativeTarget "SetUITests" */;
			buildPhases = (
				26FB52A3266952CD005A7C60 /* Sources */,
				26FB52A4266952CD005A7C60 /* Frameworks */,
				26FB52A5266952CD005A7C60 /* Resources */,
			);
			buildRules = (
			);
			dependencies = (
				26FB52A9266952CD005A7C60 /* PBXTargetDependency */,
			);
			name = SetUITests;
			productName = SetUITests;
			productReference = 26FB52A7266952CD005A7C60 /* SetUITests.xctest */;
			productType = "com.apple.product-type.bundle.ui-testing";
		};
/* End PBXNativeTarget section */

/* Begin PBXProject section */
		26FB5283266952CC005A7C60 /* Project object */ = {
			isa = PBXProject;
			attributes = {
				LastSwiftUpdateCheck = 1250;
				LastUpgradeCheck = 1250;
				TargetAttributes = {
					26FB528A266952CC005A7C60 = {
						CreatedOnToolsVersion = 12.5;
					};
					26FB529B266952CD005A7C60 = {
						CreatedOnToolsVersion = 12.5;
						TestTargetID = 26FB528A266952CC005A7C60;
					};
					26FB52A6266952CD005A7C60 = {
						CreatedOnToolsVersion = 12.5;
						TestTargetID = 26FB528A266952CC005A7C60;
					};
				};
			};
			buildConfigurationList = 26FB5286266952CC005A7C60 /* Build configuration list for PBXProject "Set" */;
			compatibilityVersion = "Xcode 9.3";
			developmentRegion = en;
			hasScannedForEncodings = 0;
			knownRegions = (
				en,
				Base,
			);
			mainGroup = 26FB5282266952CC005A7C60;
			productRefGroup = 26FB528C266952CC005A7C60 /* Products */;
			projectDirPath = "";
			projectRoot = "";
			targets = (
				26FB528A266952CC005A7C60 /* Set */,
				26FB529B266952CD005A7C60 /* SetTests */,
				26FB52A6266952CD005A7C60 /* SetUITests */,
			);
		};
/* End PBXProject section */

/* Begin PBXResourcesBuildPhase section */
		26FB5289266952CC005A7C60 /* Resources */ = {
			isa = PBXResourcesBuildPhase;
			buildActionMask = 2147483647;
			files = (
				26FB5296266952CD005A7C60 /* Preview Assets.xcassets in Resources */,
				26FB5293266952CD005A7C60 /* Assets.xcassets in Resources */,
			);
			runOnlyForDeploymentPostprocessing = 0;
		};
		26FB529A266952CD005A7C60 /* Resources */ = {
			isa = PBXResourcesBuildPhase;
			buildActionMask = 2147483647;
			files = (
			);
			runOnlyForDeploymentPostprocessing = 0;
		};
		26FB52A5266952CD005A7C60 /* Resources */ = {
			isa = PBXResourcesBuildPhase;
			buildActionMask = 2147483647;
			files = (
			);
			runOnlyForDeploymentPostprocessing = 0;
		};
/* End PBXResourcesBuildPhase section */

/* Begin PBXSourcesBuildPhase section */
		26FB5287266952CC005A7C60 /* Sources */ = {
			isa = PBXSourcesBuildPhase;
			buildActionMask = 2147483647;
			files = (
				26FB52C4266C1C0F005A7C60 /* ShapePreview.swift in Sources */,
				26FB52C1266C1965005A7C60 /* SetCard.swift in Sources */,
				26FB5291266952CC005A7C60 /* ContentView.swift in Sources */,
				26FB52BF266C188F005A7C60 /* SetViewModel.swift in Sources */,
				26FB528F266952CC005A7C60 /* SetApp.swift in Sources */,
				26FB52BC266C0B57005A7C60 /* AspectVGrid.swift in Sources */,
			);
			runOnlyForDeploymentPostprocessing = 0;
		};
		26FB5298266952CD005A7C60 /* Sources */ = {
			isa = PBXSourcesBuildPhase;
			buildActionMask = 2147483647;
			files = (
				26FB52A1266952CD005A7C60 /* SetTests.swift in Sources */,
			);
			runOnlyForDeploymentPostprocessing = 0;
		};
		26FB52A3266952CD005A7C60 /* Sources */ = {
			isa = PBXSourcesBuildPhase;
			buildActionMask = 2147483647;
			files = (
				26FB52AC266952CD005A7C60 /* SetUITests.swift in Sources */,
			);
			runOnlyForDeploymentPostprocessing = 0;
		};
/* End PBXSourcesBuildPhase section */

/* Begin PBXTargetDependency section */
		26FB529E266952CD005A7C60 /* PBXTargetDependency */ = {
			isa = PBXTargetDependency;
			target = 26FB528A266952CC005A7C60 /* Set */;
			targetProxy = 26FB529D266952CD005A7C60 /* PBXContainerItemProxy */;
		};
		26FB52A9266952CD005A7C60 /* PBXTargetDependency */ = {
			isa = PBXTargetDependency;
			target = 26FB528A266952CC005A7C60 /* Set */;
			targetProxy = 26FB52A8266952CD005A7C60 /* PBXContainerItemProxy */;
		};
/* End PBXTargetDependency section */

/* Begin XCBuildConfiguration section */
		26FB52AE266952CD005A7C60 /* Debug */ = {
			isa = XCBuildConfiguration;
			buildSettings = {
				ALWAYS_SEARCH_USER_PATHS = NO;
				CLANG_ANALYZER_NONNULL = YES;
				CLANG_ANALYZER_NUMBER_OBJECT_CONVERSION = YES_AGGRESSIVE;
				CLANG_CXX_LANGUAGE_STANDARD = "gnu++14";
				CLANG_CXX_LIBRARY = "libc++";
				CLANG_ENABLE_MODULES = YES;
				CLANG_ENABLE_OBJC_ARC = YES;
				CLANG_ENABLE_OBJC_WEAK = YES;
				CLANG_WARN_BLOCK_CAPTURE_AUTORELEASING = YES;
				CLANG_WARN_BOOL_CONVERSION = YES;
				CLANG_WARN_COMMA = YES;
				CLANG_WARN_CONSTANT_CONVERSION = YES;
				CLANG_WARN_DEPRECATED_OBJC_IMPLEMENTATIONS = YES;
				CLANG_WARN_DIRECT_OBJC_ISA_USAGE = YES_ERROR;
				CLANG_WARN_DOCUMENTATION_COMMENTS = YES;
				CLANG_WARN_EMPTY_BODY = YES;
				CLANG_WARN_ENUM_CONVERSION = YES;
				CLANG_WARN_INFINITE_RECURSION = YES;
				CLANG_WARN_INT_CONVERSION = YES;
				CLANG_WARN_NON_LITERAL_NULL_CONVERSION = YES;
				CLANG_WARN_OBJC_IMPLICIT_RETAIN_SELF = YES;
				CLANG_WARN_OBJC_LITERAL_CONVERSION = YES;
				CLANG_WARN_OBJC_ROOT_CLASS = YES_ERROR;
				CLANG_WARN_QUOTED_INCLUDE_IN_FRAMEWORK_HEADER = YES;
				CLANG_WARN_RANGE_LOOP_ANALYSIS = YES;
				CLANG_WARN_STRICT_PROTOTYPES = YES;
				CLANG_WARN_SUSPICIOUS_MOVE = YES;
				CLANG_WARN_UNGUARDED_AVAILABILITY = YES_AGGRESSIVE;
				CLANG_WARN_UNREACHABLE_CODE = YES;
				CLANG_WARN__DUPLICATE_METHOD_MATCH = YES;
				COPY_PHASE_STRIP = NO;
				DEBUG_INFORMATION_FORMAT = dwarf;
				ENABLE_STRICT_OBJC_MSGSEND = YES;
				ENABLE_TESTABILITY = YES;
				GCC_C_LANGUAGE_STANDARD = gnu11;
				GCC_DYNAMIC_NO_PIC = NO;
				GCC_NO_COMMON_BLOCKS = YES;
				GCC_OPTIMIZATION_LEVEL = 0;
				GCC_PREPROCESSOR_DEFINITIONS = (
					"DEBUG=1",
					"$(inherited)",
				);
				GCC_WARN_64_TO_32_BIT_CONVERSION = YES;
				GCC_WARN_ABOUT_RETURN_TYPE = YES_ERROR;
				GCC_WARN_UNDECLARED_SELECTOR = YES;
				GCC_WARN_UNINITIALIZED_AUTOS = YES_AGGRESSIVE;
				GCC_WARN_UNUSED_FUNCTION = YES;
				GCC_WARN_UNUSED_VARIABLE = YES;
				IPHONEOS_DEPLOYMENT_TARGET = 14.5;
				MTL_ENABLE_DEBUG_INFO = INCLUDE_SOURCE;
				MTL_FAST_MATH = YES;
				ONLY_ACTIVE_ARCH = YES;
				SDKROOT = iphoneos;
				SWIFT_ACTIVE_COMPILATION_CONDITIONS = DEBUG;
				SWIFT_OPTIMIZATION_LEVEL = "-Onone";
			};
			name = Debug;
		};
		26FB52AF266952CD005A7C60 /* Release */ = {
			isa = XCBuildConfiguration;
			buildSettings = {
				ALWAYS_SEARCH_USER_PATHS = NO;
				CLANG_ANALYZER_NONNULL = YES;
				CLANG_ANALYZER_NUMBER_OBJECT_CONVERSION = YES_AGGRESSIVE;
				CLANG_CXX_LANGUAGE_STANDARD = "gnu++14";
				CLANG_CXX_LIBRARY = "libc++";
				CLANG_ENABLE_MODULES = YES;
				CLANG_ENABLE_OBJC_ARC = YES;
				CLANG_ENABLE_OBJC_WEAK = YES;
				CLANG_WARN_BLOCK_CAPTURE_AUTORELEASING = YES;
				CLANG_WARN_BOOL_CONVERSION = YES;
				CLANG_WARN_COMMA = YES;
				CLANG_WARN_CONSTANT_CONVERSION = YES;
				CLANG_WARN_DEPRECATED_OBJC_IMPLEMENTATIONS = YES;
				CLANG_WARN_DIRECT_OBJC_ISA_USAGE = YES_ERROR;
				CLANG_WARN_DOCUMENTATION_COMMENTS = YES;
				CLANG_WARN_EMPTY_BODY = YES;
				CLANG_WARN_ENUM_CONVERSION = YES;
				CLANG_WARN_INFINITE_RECURSION = YES;
				CLANG_WARN_INT_CONVERSION = YES;
				CLANG_WARN_NON_LITERAL_NULL_CONVERSION = YES;
				CLANG_WARN_OBJC_IMPLICIT_RETAIN_SELF = YES;
				CLANG_WARN_OBJC_LITERAL_CONVERSION = YES;
				CLANG_WARN_OBJC_ROOT_CLASS = YES_ERROR;
				CLANG_WARN_QUOTED_INCLUDE_IN_FRAMEWORK_HEADER = YES;
				CLANG_WARN_RANGE_LOOP_ANALYSIS = YES;
				CLANG_WARN_STRICT_PROTOTYPES = YES;
				CLANG_WARN_SUSPICIOUS_MOVE = YES;
				CLANG_WARN_UNGUARDED_AVAILABILITY = YES_AGGRESSIVE;
				CLANG_WARN_UNREACHABLE_CODE = YES;
				CLANG_WARN__DUPLICATE_METHOD_MATCH = YES;
				COPY_PHASE_STRIP = NO;
				DEBUG_INFORMATION_FORMAT = "dwarf-with-dsym";
				ENABLE_NS_ASSERTIONS = NO;
				ENABLE_STRICT_OBJC_MSGSEND = YES;
				GCC_C_LANGUAGE_STANDARD = gnu11;
				GCC_NO_COMMON_BLOCKS = YES;
				GCC_WARN_64_TO_32_BIT_CONVERSION = YES;
				GCC_WARN_ABOUT_RETURN_TYPE = YES_ERROR;
				GCC_WARN_UNDECLARED_SELECTOR = YES;
				GCC_WARN_UNINITIALIZED_AUTOS = YES_AGGRESSIVE;
				GCC_WARN_UNUSED_FUNCTION = YES;
				GCC_WARN_UNUSED_VARIABLE = YES;
				IPHONEOS_DEPLOYMENT_TARGET = 14.5;
				MTL_ENABLE_DEBUG_INFO = NO;
				MTL_FAST_MATH = YES;
				SDKROOT = iphoneos;
				SWIFT_COMPILATION_MODE = wholemodule;
				SWIFT_OPTIMIZATION_LEVEL = "-O";
				VALIDATE_PRODUCT = YES;
			};
			name = Release;
		};
		26FB52B1266952CD005A7C60 /* Debug */ = {
			isa = XCBuildConfiguration;
			buildSettings = {
				ASSETCATALOG_COMPILER_APPICON_NAME = AppIcon;
				ASSETCATALOG_COMPILER_GLOBAL_ACCENT_COLOR_NAME = AccentColor;
				CODE_SIGN_STYLE = Automatic;
				DEVELOPMENT_ASSET_PATHS = "\"Set/Preview Content\"";
				DEVELOPMENT_TEAM = S99E9U4S8J;
				ENABLE_PREVIEWS = YES;
				INFOPLIST_FILE = Set/Info.plist;
				IPHONEOS_DEPLOYMENT_TARGET = 14.0;
				LD_RUNPATH_SEARCH_PATHS = (
					"$(inherited)",
					"@executable_path/Frameworks",
				);
				PRODUCT_BUNDLE_IDENTIFIER = edu.stanford.cs193p.instructor.assignment3.Set.Set;
				PRODUCT_NAME = "$(TARGET_NAME)";
				SWIFT_VERSION = 5.0;
				TARGETED_DEVICE_FAMILY = "1,2";
			};
			name = Debug;
		};
		26FB52B2266952CD005A7C60 /* Release */ = {
			isa = XCBuildConfiguration;
			buildSettings = {
				ASSETCATALOG_COMPILER_APPICON_NAME = AppIcon;
				ASSETCATALOG_COMPILER_GLOBAL_ACCENT_COLOR_NAME = AccentColor;
				CODE_SIGN_STYLE = Automatic;
				DEVELOPMENT_ASSET_PATHS = "\"Set/Preview Content\"";
				DEVELOPMENT_TEAM = S99E9U4S8J;
				ENABLE_PREVIEWS = YES;
				INFOPLIST_FILE = Set/Info.plist;
				IPHONEOS_DEPLOYMENT_TARGET = 14.0;
				LD_RUNPATH_SEARCH_PATHS = (
					"$(inherited)",
					"@executable_path/Frameworks",
				);
				PRODUCT_BUNDLE_IDENTIFIER = edu.stanford.cs193p.instructor.assignment3.Set.Set;
				PRODUCT_NAME = "$(TARGET_NAME)";
				SWIFT_VERSION = 5.0;
				TARGETED_DEVICE_FAMILY = "1,2";
			};
			name = Release;
		};
		26FB52B4266952CD005A7C60 /* Debug */ = {
			isa = XCBuildConfiguration;
			buildSettings = {
				ALWAYS_EMBED_SWIFT_STANDARD_LIBRARIES = YES;
				BUNDLE_LOADER = "$(TEST_HOST)";
				CODE_SIGN_STYLE = Automatic;
				DEVELOPMENT_TEAM = S99E9U4S8J;
				INFOPLIST_FILE = SetTests/Info.plist;
				IPHONEOS_DEPLOYMENT_TARGET = 14.0;
				LD_RUNPATH_SEARCH_PATHS = (
					"$(inherited)",
					"@executable_path/Frameworks",
					"@loader_path/Frameworks",
				);
				PRODUCT_BUNDLE_IDENTIFIER = edu.stanford.cs193p.instructor.assignment3.Set.SetTests;
				PRODUCT_NAME = "$(TARGET_NAME)";
				SWIFT_VERSION = 5.0;
				TARGETED_DEVICE_FAMILY = "1,2";
				TEST_HOST = "$(BUILT_PRODUCTS_DIR)/Set.app/Set";
			};
			name = Debug;
		};
		26FB52B5266952CD005A7C60 /* Release */ = {
			isa = XCBuildConfiguration;
			buildSettings = {
				ALWAYS_EMBED_SWIFT_STANDARD_LIBRARIES = YES;
				BUNDLE_LOADER = "$(TEST_HOST)";
				CODE_SIGN_STYLE = Automatic;
				DEVELOPMENT_TEAM = S99E9U4S8J;
				INFOPLIST_FILE = SetTests/Info.plist;
				IPHONEOS_DEPLOYMENT_TARGET = 14.0;
				LD_RUNPATH_SEARCH_PATHS = (
					"$(inherited)",
					"@executable_path/Frameworks",
					"@loader_path/Frameworks",
				);
				PRODUCT_BUNDLE_IDENTIFIER = edu.stanford.cs193p.instructor.assignment3.Set.SetTests;
				PRODUCT_NAME = "$(TARGET_NAME)";
				SWIFT_VERSION = 5.0;
				TARGETED_DEVICE_FAMILY = "1,2";
				TEST_HOST = "$(BUILT_PRODUCTS_DIR)/Set.app/Set";
			};
			name = Release;
		};
		26FB52B7266952CD005A7C60 /* Debug */ = {
			isa = XCBuildConfiguration;
			buildSettings = {
				ALWAYS_EMBED_SWIFT_STANDARD_LIBRARIES = YES;
				CODE_SIGN_STYLE = Automatic;
				DEVELOPMENT_TEAM = S99E9U4S8J;
				INFOPLIST_FILE = SetUITests/Info.plist;
				LD_RUNPATH_SEARCH_PATHS = (
					"$(inherited)",
					"@executable_path/Frameworks",
					"@loader_path/Frameworks",
				);
				PRODUCT_BUNDLE_IDENTIFIER = edu.stanford.cs193p.instructor.assignment3.Set.SetUITests;
				PRODUCT_NAME = "$(TARGET_NAME)";
				SWIFT_VERSION = 5.0;
				TARGETED_DEVICE_FAMILY = "1,2";
				TEST_TARGET_NAME = Set;
			};
			name = Debug;
		};
		26FB52B8266952CD005A7C60 /* Release */ = {
			isa = XCBuildConfiguration;
			buildSettings = {
				ALWAYS_EMBED_SWIFT_STANDARD_LIBRARIES = YES;
				CODE_SIGN_STYLE = Automatic;
				DEVELOPMENT_TEAM = S99E9U4S8J;
				INFOPLIST_FILE = SetUITests/Info.plist;
				LD_RUNPATH_SEARCH_PATHS = (
					"$(inherited)",
					"@executable_path/Frameworks",
					"@loader_path/Frameworks",
				);
				PRODUCT_BUNDLE_IDENTIFIER = edu.stanford.cs193p.instructor.assignment3.Set.SetUITests;
				PRODUCT_NAME = "$(TARGET_NAME)";
				SWIFT_VERSION = 5.0;
				TARGETED_DEVICE_FAMILY = "1,2";
				TEST_TARGET_NAME = Set;
			};
			name = Release;
		};
/* End XCBuildConfiguration section */

/* Begin XCConfigurationList section */
		26FB5286266952CC005A7C60 /* Build configuration list for PBXProject "Set" */ = {
			isa = XCConfigurationList;
			buildConfigurations = (
				26FB52AE266952CD005A7C60 /* Debug */,
				26FB52AF266952CD005A7C60 /* Release */,
			);
			defaultConfigurationIsVisible = 0;
			defaultConfigurationName = Release;
		};
		26FB52B0266952CD005A7C60 /* Build configuration list for PBXNativeTarget "Set" */ = {
			isa = XCConfigurationList;
			buildConfigurations = (
				26FB52B1266952CD005A7C60 /* Debug */,
				26FB52B2266952CD005A7C60 /* Release */,
			);
			defaultConfigurationIsVisible = 0;
			defaultConfigurationName = Release;
		};
		26FB52B3266952CD005A7C60 /* Build configuration list for PBXNativeTarget "SetTests" */ = {
			isa = XCConfigurationList;
			buildConfigurations = (
				26FB52B4266952CD005A7C60 /* Debug */,
				26FB52B5266952CD005A7C60 /* Release */,
			);
			defaultConfigurationIsVisible = 0;
			defaultConfigurationName = Release;
		};
		26FB52B6266952CD005A7C60 /* Build configuration list for PBXNativeTarget "SetUITests" */ = {
			isa = XCConfigurationList;
			buildConfigurations = (
				26FB52B7266952CD005A7C60 /* Debug */,
				26FB52B8266952CD005A7C60 /* Release */,
			);
			defaultConfigurationIsVisible = 0;
			defaultConfigurationName = Release;
		};
/* End XCConfigurationList section */
	};
	rootObject = 26FB5283266952CC005A7C60 /* Project object */;
}
